
Microsoft Visual Studio Solution File, Format Version 12.00
# Visual Studio 2013
VisualStudioVersion = 12.0.21005.1
MinimumVisualStudioVersion = 10.0.40219.1
Project("{FAE04EC0-301F-11D3-BF4B-00C04F79EFBC}") = "Nit.Data", "Nit.Data\Nit.Data.csproj", "{B30FBC54-71A6-483D-A774-72C1C3C655A6}"
EndProject
Project("{FAE04EC0-301F-11D3-BF4B-00C04F79EFBC}") = "Nit.Extensions", "Nit.Extensions\Nit.Extensions.csproj", "{F9DAFD7C-5991-4F02-B1A7-045B3C723AD7}"
EndProject
Project("{2150E333-8FDC-42A3-9474-1A3956D46DE8}") = "Src", "Src", "{6582C817-4399-4BA9-B055-04D7C89CDDE6}"
EndProject
Project("{2150E333-8FDC-42A3-9474-1A3956D46DE8}") = "Test", "Test", "{1F862B28-E05F-4C63-BDCA-4D5AE4C76195}"
EndProject
Project("{FAE04EC0-301F-11D3-BF4B-00C04F79EFBC}") = "Nit.Web", "Nit.Web\Nit.Web.csproj", "{44F68812-B439-4FEB-8BCF-5DE5F473C79A}"
EndProject
Global
	GlobalSection(SolutionConfigurationPlatforms) = preSolution
		Debug|Any CPU = Debug|Any CPU
		Release|Any CPU = Release|Any CPU
	EndGlobalSection
	GlobalSection(ProjectConfigurationPlatforms) = postSolution
		{B30FBC54-71A6-483D-A774-72C1C3C655A6}.Debug|Any CPU.ActiveCfg = Debug|Any CPU
		{B30FBC54-71A6-483D-A774-72C1C3C655A6}.Debug|Any CPU.Build.0 = Debug|Any CPU
		{B30FBC54-71A6-483D-A774-72C1C3C655A6}.Release|Any CPU.ActiveCfg = Release|Any CPU
		{B30FBC54-71A6-483D-A774-72C1C3C655A6}.Release|Any CPU.Build.0 = Release|Any CPU
		{F9DAFD7C-5991-4F02-B1A7-045B3C723AD7}.Debug|Any CPU.ActiveCfg = Debug|Any CPU
		{F9DAFD7C-5991-4F02-B1A7-045B3C723AD7}.Debug|Any CPU.Build.0 = Debug|Any CPU
		{F9DAFD7C-5991-4F02-B1A7-045B3C723AD7}.Release|Any CPU.ActiveCfg = Release|Any CPU
		{F9DAFD7C-5991-4F02-B1A7-045B3C723AD7}.Release|Any CPU.Build.0 = Release|Any CPU
		{44F68812-B439-4FEB-8BCF-5DE5F473C79A}.Debug|Any CPU.ActiveCfg = Debug|Any CPU
		{44F68812-B439-4FEB-8BCF-5DE5F473C79A}.Debug|Any CPU.Build.0 = Debug|Any CPU
		{44F68812-B439-4FEB-8BCF-5DE5F473C79A}.Release|Any CPU.ActiveCfg = Release|Any CPU
		{44F68812-B439-4FEB-8BCF-5DE5F473C79A}.Release|Any CPU.Build.0 = Release|Any CPU
	EndGlobalSection
	GlobalSection(SolutionProperties) = preSolution
		HideSolutionNode = FALSE
	EndGlobalSection
	GlobalSection(NestedProjects) = preSolution
		{F9DAFD7C-5991-4F02-B1A7-045B3C723AD7} = {6582C817-4399-4BA9-B055-04D7C89CDDE6}
		{B30FBC54-71A6-483D-A774-72C1C3C655A6} = {6582C817-4399-4BA9-B055-04D7C89CDDE6}
		{44F68812-B439-4FEB-8BCF-5DE5F473C79A} = {6582C817-4399-4BA9-B055-04D7C89CDDE6}
	EndGlobalSection
EndGlobal
